PODS:
  - AFNetworking (4.0.1):
    - AFNetworking/NSURLSession (= 4.0.1)
    - AFNetworking/Reachability (= 4.0.1)
    - AFNetworking/Security (= 4.0.1)
    - AFNetworking/Serialization (= 4.0.1)
    - AFNetworking/UIKit (= 4.0.1)
  - AFNetworking/NSURLSession (4.0.1):
    - AFNetworking/Reachability
    - AFNetworking/Security
    - AFNetworking/Serialization
  - AFNetworking/Reachability (4.0.1)
  - AFNetworking/Security (4.0.1)
  - AFNetworking/Serialization (4.0.1)
  - AFNetworking/UIKit (4.0.1):
    - AFNetworking/NSURLSession
  - BTHelp (0.3.1)
  - BTLoading (0.3.0)
  - BTWidgetView (0.1.4):
    - BTHelp
  - MJRefresh (3.4.3)
  - RTRootNavigationController (0.7.2):
    - RTRootNavigationController/Core (= 0.7.2)
  - RTRootNavigationController/Core (0.7.2)

DEPENDENCIES:
  - AFNetworking
  - BTHelp
  - BTLoading
  - BTWidgetView
  - MJRefresh
  - RTRootNavigationController

SPEC REPOS:
  https://github.com/CocoaPods/Specs.git:
    - AFNetworking
    - BTHelp
    - BTLoading
    - BTWidgetView
    - MJRefresh
    - RTRootNavigationController

SPEC CHECKSUMS:
  AFNetworking: 7864c38297c79aaca1500c33288e429c3451fdce
  BTHelp: 96a85981b9b7b28920d7bfee66c814591d088a0e
  BTLoading: 375c891ec32a43925dcab4146b2d671ac1cd02b9
  BTWidgetView: 5fe84d5a27c9bfca4711a8394d9eea23a9df4904
  MJRefresh: 53e3e3219f204425ee6d3e62e8733d3295944cd6
  RTRootNavigationController: 8344c2352d6d40fa370d0366efae2c84a945213f

PODFILE CHECKSUM: 4608e303237a8162e17fb3ccc64c57b511225283

COCOAPODS: 1.8.4
