PODS:
  - AFNetworking (4.0.1):
    - AFNetworking/NSURLSession (= 4.0.1)
    - AFNetworking/Reachability (= 4.0.1)
    - AFNetworking/Security (= 4.0.1)
    - AFNetworking/Serialization (= 4.0.1)
    - AFNetworking/UIKit (= 4.0.1)
  - AFNetworking/NSURLSession (4.0.1):
    - AFNetworking/Reachability
    - AFNetworking/Security
    - AFNetworking/Serialization
  - AFNetworking/Reachability (4.0.1)
  - AFNetworking/Security (4.0.1)
  - AFNetworking/Serialization (4.0.1)
  - AFNetworking/UIKit (4.0.1):
    - AFNetworking/NSURLSession
  - BTHelp (0.3.8)
  - BTLoading (0.3.3)
  - BTWidgetView (0.3.3):
    - BTHelp
  - MJRefresh (3.5.0)
  - RTRootNavigationController (0.7.2):
    - RTRootNavigationController/Core (= 0.7.2)
  - RTRootNavigationController/Core (0.7.2)

DEPENDENCIES:
  - AFNetworking
  - BTHelp
  - BTLoading
  - BTWidgetView
  - MJRefresh
  - RTRootNavigationController

SPEC REPOS:
  https://github.com/CocoaPods/Specs.git:
    - AFNetworking
    - BTHelp
    - BTLoading
    - BTWidgetView
    - MJRefresh
    - RTRootNavigationController

SPEC CHECKSUMS:
  AFNetworking: 7864c38297c79aaca1500c33288e429c3451fdce
  BTHelp: c1c0e0eb662562787e34fca84c17303ac59d7263
  BTLoading: 80fd462b12e693e54c594d2e61ad6c84e9201265
  BTWidgetView: ad315ed7a45d82c40fe8182e7b8b1c97afbfa4d8
  MJRefresh: 6afc955813966afb08305477dd7a0d9ad5e79a16
  RTRootNavigationController: 8344c2352d6d40fa370d0366efae2c84a945213f

PODFILE CHECKSUM: 4608e303237a8162e17fb3ccc64c57b511225283

COCOAPODS: 1.8.4
