// !$*UTF8*$!
{
	archiveVersion = 1;
	classes = {
	};
	objectVersion = 51;
	objects = {

/* Begin PBXBuildFile section */
		9B4FAFA3228BC022004C8E52 /* BTUserMananger.m in Sources */ = {isa = PBXBuildFile; fileRef = 9B4FAFA0228BC022004C8E52 /* BTUserMananger.m */; };
		9B78C6B32222C2DD007A02C1 /* AppDelegate.m in Sources */ = {isa = PBXBuildFile; fileRef = 9B78C6B22222C2DD007A02C1 /* AppDelegate.m */; };
		9B78C6B62222C2DD007A02C1 /* ViewController.m in Sources */ = {isa = PBXBuildFile; fileRef = 9B78C6B52222C2DD007A02C1 /* ViewController.m */; };
		9B78C6B92222C2DD007A02C1 /* Main.storyboard in Resources */ = {isa = PBXBuildFile; fileRef = 9B78C6B72222C2DD007A02C1 /* Main.storyboard */; };
		9B78C6BB2222C2DE007A02C1 /* Assets.xcassets in Resources */ = {isa = PBXBuildFile; fileRef = 9B78C6BA2222C2DE007A02C1 /* Assets.xcassets */; };
		9B78C6BE2222C2DE007A02C1 /* LaunchScreen.storyboard in Resources */ = {isa = PBXBuildFile; fileRef = 9B78C6BC2222C2DE007A02C1 /* LaunchScreen.storyboard */; };
		9B78C6C12222C2DE007A02C1 /* main.m in Sources */ = {isa = PBXBuildFile; fileRef = 9B78C6C02222C2DE007A02C1 /* main.m */; };
		9B78C6DA2222C87B007A02C1 /* BTViewController.m in Sources */ = {isa = PBXBuildFile; fileRef = 9B78C6CA2222C87B007A02C1 /* BTViewController.m */; };
		9B78C6DB2222C87B007A02C1 /* BTWebViewController.m in Sources */ = {isa = PBXBuildFile; fileRef = 9B78C6CE2222C87B007A02C1 /* BTWebViewController.m */; };
		9B78C6DC2222C87B007A02C1 /* BTHttp.m in Sources */ = {isa = PBXBuildFile; fileRef = 9B78C6D22222C87B007A02C1 /* BTHttp.m */; };
		9B78C6DD2222C87B007A02C1 /* BTNet.m in Sources */ = {isa = PBXBuildFile; fileRef = 9B78C6D52222C87B007A02C1 /* BTNet.m */; };
		9B78C6DE2222C87B007A02C1 /* BTPageLoadViewController.m in Sources */ = {isa = PBXBuildFile; fileRef = 9B78C6D62222C87B007A02C1 /* BTPageLoadViewController.m */; };
		9B78C6DF2222C87B007A02C1 /* UIViewController+BTNavSet.m in Sources */ = {isa = PBXBuildFile; fileRef = 9B78C6D72222C87B007A02C1 /* UIViewController+BTNavSet.m */; };
		9B78C6E02222C87B007A02C1 /* UIViewController+BTDialog.m in Sources */ = {isa = PBXBuildFile; fileRef = 9B78C6D82222C87B007A02C1 /* UIViewController+BTDialog.m */; };
		9BB2FDE02283BE5C00991905 /* BTCoreConfig.m in Sources */ = {isa = PBXBuildFile; fileRef = 9BB2FDDE2283BE5C00991905 /* BTCoreConfig.m */; };
		E5D9C3B2723B7699AEEE4CE7 /* Pods_BTCoreExample.framework in Frameworks */ = {isa = PBXBuildFile; fileRef = A5C9B10C47BD8BD79DAB8C93 /* Pods_BTCoreExample.framework */; };
/* End PBXBuildFile section */

/* Begin PBXFileReference section */
		6A614AA6110376E8AE8FEFAC /* Pods-BTCoreExample.release.xcconfig */ = {isa = PBXFileReference; includeInIndex = 1; lastKnownFileType = text.xcconfig; name = "Pods-BTCoreExample.release.xcconfig"; path = "Target Support Files/Pods-BTCoreExample/Pods-BTCoreExample.release.xcconfig"; sourceTree = "<group>"; };
		9B4FAFA0228BC022004C8E52 /* BTUserMananger.m */ = {isa = PBXFileReference; fileEncoding = 4; lastKnownFileType = sourcecode.c.objc; path = BTUserMananger.m; sourceTree = "<group>"; };
		9B4FAFA1228BC022004C8E52 /* BTUserMananger.h */ = {isa = PBXFileReference; fileEncoding = 4; lastKnownFileType = sourcecode.c.h; path = BTUserMananger.h; sourceTree = "<group>"; };
		9B61A266223A551A00A209A5 /* BTCore.h */ = {isa = PBXFileReference; lastKnownFileType = sourcecode.c.h; path = BTCore.h; sourceTree = "<group>"; };
		9B78C6AE2222C2DD007A02C1 /* BTCoreExample.app */ = {isa = PBXFileReference; explicitFileType = wrapper.application; includeInIndex = 0; path = BTCoreExample.app; sourceTree = BUILT_PRODUCTS_DIR; };
		9B78C6B12222C2DD007A02C1 /* AppDelegate.h */ = {isa = PBXFileReference; lastKnownFileType = sourcecode.c.h; path = AppDelegate.h; sourceTree = "<group>"; };
		9B78C6B22222C2DD007A02C1 /* AppDelegate.m */ = {isa = PBXFileReference; lastKnownFileType = sourcecode.c.objc; path = AppDelegate.m; sourceTree = "<group>"; };
		9B78C6B42222C2DD007A02C1 /* ViewController.h */ = {isa = PBXFileReference; lastKnownFileType = sourcecode.c.h; path = ViewController.h; sourceTree = "<group>"; };
		9B78C6B52222C2DD007A02C1 /* ViewController.m */ = {isa = PBXFileReference; lastKnownFileType = sourcecode.c.objc; path = ViewController.m; sourceTree = "<group>"; };
		9B78C6B82222C2DD007A02C1 /* Base */ = {isa = PBXFileReference; lastKnownFileType = file.storyboard; name = Base; path = Base.lproj/Main.storyboard; sourceTree = "<group>"; };
		9B78C6BA2222C2DE007A02C1 /* Assets.xcassets */ = {isa = PBXFileReference; lastKnownFileType = folder.assetcatalog; path = Assets.xcassets; sourceTree = "<group>"; };
		9B78C6BD2222C2DE007A02C1 /* Base */ = {isa = PBXFileReference; lastKnownFileType = file.storyboard; name = Base; path = Base.lproj/LaunchScreen.storyboard; sourceTree = "<group>"; };
		9B78C6BF2222C2DE007A02C1 /* Info.plist */ = {isa = PBXFileReference; lastKnownFileType = text.plist.xml; path = Info.plist; sourceTree = "<group>"; };
		9B78C6C02222C2DE007A02C1 /* main.m */ = {isa = PBXFileReference; lastKnownFileType = sourcecode.c.objc; path = main.m; sourceTree = "<group>"; };
		9B78C6CA2222C87B007A02C1 /* BTViewController.m */ = {isa = PBXFileReference; fileEncoding = 4; lastKnownFileType = sourcecode.c.objc; path = BTViewController.m; sourceTree = "<group>"; };
		9B78C6CB2222C87B007A02C1 /* BTHttp.h */ = {isa = PBXFileReference; fileEncoding = 4; lastKnownFileType = sourcecode.c.h; path = BTHttp.h; sourceTree = "<group>"; };
		9B78C6CC2222C87B007A02C1 /* BTPageLoadViewController.h */ = {isa = PBXFileReference; fileEncoding = 4; lastKnownFileType = sourcecode.c.h; path = BTPageLoadViewController.h; sourceTree = "<group>"; };
		9B78C6CD2222C87B007A02C1 /* BTNet.h */ = {isa = PBXFileReference; fileEncoding = 4; lastKnownFileType = sourcecode.c.h; path = BTNet.h; sourceTree = "<group>"; };
		9B78C6CE2222C87B007A02C1 /* BTWebViewController.m */ = {isa = PBXFileReference; fileEncoding = 4; lastKnownFileType = sourcecode.c.objc; path = BTWebViewController.m; sourceTree = "<group>"; };
		9B78C6CF2222C87B007A02C1 /* UIViewController+BTNavSet.h */ = {isa = PBXFileReference; fileEncoding = 4; lastKnownFileType = sourcecode.c.h; path = "UIViewController+BTNavSet.h"; sourceTree = "<group>"; };
		9B78C6D12222C87B007A02C1 /* UIViewController+BTDialog.h */ = {isa = PBXFileReference; fileEncoding = 4; lastKnownFileType = sourcecode.c.h; path = "UIViewController+BTDialog.h"; sourceTree = "<group>"; };
		9B78C6D22222C87B007A02C1 /* BTHttp.m */ = {isa = PBXFileReference; fileEncoding = 4; lastKnownFileType = sourcecode.c.objc; path = BTHttp.m; sourceTree = "<group>"; };
		9B78C6D32222C87B007A02C1 /* BTViewController.h */ = {isa = PBXFileReference; fileEncoding = 4; lastKnownFileType = sourcecode.c.h; path = BTViewController.h; sourceTree = "<group>"; };
		9B78C6D42222C87B007A02C1 /* BTWebViewController.h */ = {isa = PBXFileReference; fileEncoding = 4; lastKnownFileType = sourcecode.c.h; path = BTWebViewController.h; sourceTree = "<group>"; };
		9B78C6D52222C87B007A02C1 /* BTNet.m */ = {isa = PBXFileReference; fileEncoding = 4; lastKnownFileType = sourcecode.c.objc; path = BTNet.m; sourceTree = "<group>"; };
		9B78C6D62222C87B007A02C1 /* BTPageLoadViewController.m */ = {isa = PBXFileReference; fileEncoding = 4; lastKnownFileType = sourcecode.c.objc; path = BTPageLoadViewController.m; sourceTree = "<group>"; };
		9B78C6D72222C87B007A02C1 /* UIViewController+BTNavSet.m */ = {isa = PBXFileReference; fileEncoding = 4; lastKnownFileType = sourcecode.c.objc; path = "UIViewController+BTNavSet.m"; sourceTree = "<group>"; };
		9B78C6D82222C87B007A02C1 /* UIViewController+BTDialog.m */ = {isa = PBXFileReference; fileEncoding = 4; lastKnownFileType = sourcecode.c.objc; path = "UIViewController+BTDialog.m"; sourceTree = "<group>"; };
		9BB2FDDE2283BE5C00991905 /* BTCoreConfig.m */ = {isa = PBXFileReference; fileEncoding = 4; lastKnownFileType = sourcecode.c.objc; path = BTCoreConfig.m; sourceTree = "<group>"; };
		9BB2FDDF2283BE5C00991905 /* BTCoreConfig.h */ = {isa = PBXFileReference; fileEncoding = 4; lastKnownFileType = sourcecode.c.h; path = BTCoreConfig.h; sourceTree = "<group>"; };
		9BE4A66D222678820025FD36 /* PrefixHeader.pch */ = {isa = PBXFileReference; lastKnownFileType = sourcecode.c.h; path = PrefixHeader.pch; sourceTree = "<group>"; };
		A5C9B10C47BD8BD79DAB8C93 /* Pods_BTCoreExample.framework */ = {isa = PBXFileReference; explicitFileType = wrapper.framework; includeInIndex = 0; path = Pods_BTCoreExample.framework; sourceTree = BUILT_PRODUCTS_DIR; };
		EF2A5DB05F0855FC9A132A49 /* Pods-BTCoreExample.debug.xcconfig */ = {isa = PBXFileReference; includeInIndex = 1; lastKnownFileType = text.xcconfig; name = "Pods-BTCoreExample.debug.xcconfig"; path = "Target Support Files/Pods-BTCoreExample/Pods-BTCoreExample.debug.xcconfig"; sourceTree = "<group>"; };
/* End PBXFileReference section */

/* Begin PBXFrameworksBuildPhase section */
		9B78C6AB2222C2DD007A02C1 /* Frameworks */ = {
			isa = PBXFrameworksBuildPhase;
			buildActionMask = 2147483647;
			files = (
				E5D9C3B2723B7699AEEE4CE7 /* Pods_BTCoreExample.framework in Frameworks */,
			);
			runOnlyForDeploymentPostprocessing = 0;
		};
/* End PBXFrameworksBuildPhase section */

/* Begin PBXGroup section */
		9B78C6A52222C2DD007A02C1 = {
			isa = PBXGroup;
			children = (
				9B78C6B02222C2DD007A02C1 /* BTCoreExample */,
				9B78C6AF2222C2DD007A02C1 /* Products */,
				EC3D592582FDFE5DB006A526 /* Pods */,
				F92F1F505581B4D1D4659C00 /* Frameworks */,
			);
			sourceTree = "<group>";
		};
		9B78C6AF2222C2DD007A02C1 /* Products */ = {
			isa = PBXGroup;
			children = (
				9B78C6AE2222C2DD007A02C1 /* BTCoreExample.app */,
			);
			name = Products;
			sourceTree = "<group>";
		};
		9B78C6B02222C2DD007A02C1 /* BTCoreExample */ = {
			isa = PBXGroup;
			children = (
				9B78C6C92222C87B007A02C1 /* Classes */,
				9B78C6B12222C2DD007A02C1 /* AppDelegate.h */,
				9B78C6B22222C2DD007A02C1 /* AppDelegate.m */,
				9B78C6B42222C2DD007A02C1 /* ViewController.h */,
				9B78C6B52222C2DD007A02C1 /* ViewController.m */,
				9B78C6B72222C2DD007A02C1 /* Main.storyboard */,
				9B78C6BA2222C2DE007A02C1 /* Assets.xcassets */,
				9B78C6BC2222C2DE007A02C1 /* LaunchScreen.storyboard */,
				9B78C6BF2222C2DE007A02C1 /* Info.plist */,
				9B78C6C02222C2DE007A02C1 /* main.m */,
				9BE4A66D222678820025FD36 /* PrefixHeader.pch */,
			);
			path = BTCoreExample;
			sourceTree = "<group>";
		};
		9B78C6C92222C87B007A02C1 /* Classes */ = {
			isa = PBXGroup;
			children = (
				9B78C6D32222C87B007A02C1 /* BTViewController.h */,
				9B78C6CA2222C87B007A02C1 /* BTViewController.m */,
				9B78C6CB2222C87B007A02C1 /* BTHttp.h */,
				9B78C6D22222C87B007A02C1 /* BTHttp.m */,
				9B78C6CD2222C87B007A02C1 /* BTNet.h */,
				9B78C6D52222C87B007A02C1 /* BTNet.m */,
				9B78C6D42222C87B007A02C1 /* BTWebViewController.h */,
				9B78C6CE2222C87B007A02C1 /* BTWebViewController.m */,
				9B78C6CC2222C87B007A02C1 /* BTPageLoadViewController.h */,
				9B78C6D62222C87B007A02C1 /* BTPageLoadViewController.m */,
				9B78C6CF2222C87B007A02C1 /* UIViewController+BTNavSet.h */,
				9B78C6D72222C87B007A02C1 /* UIViewController+BTNavSet.m */,
				9B78C6D12222C87B007A02C1 /* UIViewController+BTDialog.h */,
				9B78C6D82222C87B007A02C1 /* UIViewController+BTDialog.m */,
				9B4FAFA1228BC022004C8E52 /* BTUserMananger.h */,
				9B4FAFA0228BC022004C8E52 /* BTUserMananger.m */,
				9B61A266223A551A00A209A5 /* BTCore.h */,
				9BB2FDDF2283BE5C00991905 /* BTCoreConfig.h */,
				9BB2FDDE2283BE5C00991905 /* BTCoreConfig.m */,
			);
			name = Classes;
			path = ../../Classes;
			sourceTree = "<group>";
		};
		EC3D592582FDFE5DB006A526 /* Pods */ = {
			isa = PBXGroup;
			children = (
				EF2A5DB05F0855FC9A132A49 /* Pods-BTCoreExample.debug.xcconfig */,
				6A614AA6110376E8AE8FEFAC /* Pods-BTCoreExample.release.xcconfig */,
			);
			path = Pods;
			sourceTree = "<group>";
		};
		F92F1F505581B4D1D4659C00 /* Frameworks */ = {
			isa = PBXGroup;
			children = (
				A5C9B10C47BD8BD79DAB8C93 /* Pods_BTCoreExample.framework */,
			);
			name = Frameworks;
			sourceTree = "<group>";
		};
/* End PBXGroup section */

/* Begin PBXNativeTarget section */
		9B78C6AD2222C2DD007A02C1 /* BTCoreExample */ = {
			isa = PBXNativeTarget;
			buildConfigurationList = 9B78C6C42222C2DE007A02C1 /* Build configuration list for PBXNativeTarget "BTCoreExample" */;
			buildPhases = (
				BD3C3D12817DBDFCB0891639 /* [CP] Check Pods Manifest.lock */,
				9B78C6AA2222C2DD007A02C1 /* Sources */,
				9B78C6AB2222C2DD007A02C1 /* Frameworks */,
				9B78C6AC2222C2DD007A02C1 /* Resources */,
				712BFF0CCFE451F10F75C1DD /* [CP] Embed Pods Frameworks */,
			);
			buildRules = (
			);
			dependencies = (
			);
			name = BTCoreExample;
			productName = BTCoreExample;
			productReference = 9B78C6AE2222C2DD007A02C1 /* BTCoreExample.app */;
			productType = "com.apple.product-type.application";
		};
/* End PBXNativeTarget section */

/* Begin PBXProject section */
		9B78C6A62222C2DD007A02C1 /* Project object */ = {
			isa = PBXProject;
			attributes = {
				LastUpgradeCheck = 1010;
				ORGANIZATIONNAME = stonemover;
				TargetAttributes = {
					9B78C6AD2222C2DD007A02C1 = {
						CreatedOnToolsVersion = 10.1;
					};
				};
			};
			buildConfigurationList = 9B78C6A92222C2DD007A02C1 /* Build configuration list for PBXProject "BTCoreExample" */;
			compatibilityVersion = "Xcode 9.3";
			developmentRegion = en;
			hasScannedForEncodings = 0;
			knownRegions = (
				en,
				Base,
			);
			mainGroup = 9B78C6A52222C2DD007A02C1;
			productRefGroup = 9B78C6AF2222C2DD007A02C1 /* Products */;
			projectDirPath = "";
			projectRoot = "";
			targets = (
				9B78C6AD2222C2DD007A02C1 /* BTCoreExample */,
			);
		};
/* End PBXProject section */

/* Begin PBXResourcesBuildPhase section */
		9B78C6AC2222C2DD007A02C1 /* Resources */ = {
			isa = PBXResourcesBuildPhase;
			buildActionMask = 2147483647;
			files = (
				9B78C6BE2222C2DE007A02C1 /* LaunchScreen.storyboard in Resources */,
				9B78C6BB2222C2DE007A02C1 /* Assets.xcassets in Resources */,
				9B78C6B92222C2DD007A02C1 /* Main.storyboard in Resources */,
			);
			runOnlyForDeploymentPostprocessing = 0;
		};
/* End PBXResourcesBuildPhase section */

/* Begin PBXShellScriptBuildPhase section */
		712BFF0CCFE451F10F75C1DD /* [CP] Embed Pods Frameworks */ = {
			isa = PBXShellScriptBuildPhase;
			buildActionMask = 2147483647;
			files = (
			);
			inputFileListPaths = (
				"${PODS_ROOT}/Target Support Files/Pods-BTCoreExample/Pods-BTCoreExample-frameworks-${CONFIGURATION}-input-files.xcfilelist",
			);
			name = "[CP] Embed Pods Frameworks";
			outputFileListPaths = (
				"${PODS_ROOT}/Target Support Files/Pods-BTCoreExample/Pods-BTCoreExample-frameworks-${CONFIGURATION}-output-files.xcfilelist",
			);
			runOnlyForDeploymentPostprocessing = 0;
			shellPath = /bin/sh;
			shellScript = "\"${PODS_ROOT}/Target Support Files/Pods-BTCoreExample/Pods-BTCoreExample-frameworks.sh\"\n";
			showEnvVarsInLog = 0;
		};
		BD3C3D12817DBDFCB0891639 /* [CP] Check Pods Manifest.lock */ = {
			isa = PBXShellScriptBuildPhase;
			buildActionMask = 2147483647;
			files = (
			);
			inputFileListPaths = (
			);
			inputPaths = (
				"${PODS_PODFILE_DIR_PATH}/Podfile.lock",
				"${PODS_ROOT}/Manifest.lock",
			);
			name = "[CP] Check Pods Manifest.lock";
			outputFileListPaths = (
			);
			outputPaths = (
				"$(DERIVED_FILE_DIR)/Pods-BTCoreExample-checkManifestLockResult.txt",
			);
			runOnlyForDeploymentPostprocessing = 0;
			shellPath = /bin/sh;
			shellScript = "diff \"${PODS_PODFILE_DIR_PATH}/Podfile.lock\" \"${PODS_ROOT}/Manifest.lock\" > /dev/null\nif [ $? != 0 ] ; then\n    # print error to STDERR\n    echo \"error: The sandbox is not in sync with the Podfile.lock. Run 'pod install' or update your CocoaPods installation.\" >&2\n    exit 1\nfi\n# This output is used by Xcode 'outputs' to avoid re-running this script phase.\necho \"SUCCESS\" > \"${SCRIPT_OUTPUT_FILE_0}\"\n";
			showEnvVarsInLog = 0;
		};
/* End PBXShellScriptBuildPhase section */

/* Begin PBXSourcesBuildPhase section */
		9B78C6AA2222C2DD007A02C1 /* Sources */ = {
			isa = PBXSourcesBuildPhase;
			buildActionMask = 2147483647;
			files = (
				9B78C6DD2222C87B007A02C1 /* BTNet.m in Sources */,
				9B78C6B62222C2DD007A02C1 /* ViewController.m in Sources */,
				9B78C6C12222C2DE007A02C1 /* main.m in Sources */,
				9B78C6DF2222C87B007A02C1 /* UIViewController+BTNavSet.m in Sources */,
				9B4FAFA3228BC022004C8E52 /* BTUserMananger.m in Sources */,
				9B78C6DA2222C87B007A02C1 /* BTViewController.m in Sources */,
				9B78C6DC2222C87B007A02C1 /* BTHttp.m in Sources */,
				9B78C6B32222C2DD007A02C1 /* AppDelegate.m in Sources */,
				9B78C6DB2222C87B007A02C1 /* BTWebViewController.m in Sources */,
				9B78C6E02222C87B007A02C1 /* UIViewController+BTDialog.m in Sources */,
				9BB2FDE02283BE5C00991905 /* BTCoreConfig.m in Sources */,
				9B78C6DE2222C87B007A02C1 /* BTPageLoadViewController.m in Sources */,
			);
			runOnlyForDeploymentPostprocessing = 0;
		};
/* End PBXSourcesBuildPhase section */

/* Begin PBXVariantGroup section */
		9B78C6B72222C2DD007A02C1 /* Main.storyboard */ = {
			isa = PBXVariantGroup;
			children = (
				9B78C6B82222C2DD007A02C1 /* Base */,
			);
			name = Main.storyboard;
			sourceTree = "<group>";
		};
		9B78C6BC2222C2DE007A02C1 /* LaunchScreen.storyboard */ = {
			isa = PBXVariantGroup;
			children = (
				9B78C6BD2222C2DE007A02C1 /* Base */,
			);
			name = LaunchScreen.storyboard;
			sourceTree = "<group>";
		};
/* End PBXVariantGroup section */

/* Begin XCBuildConfiguration section */
		9B78C6C22222C2DE007A02C1 /* Debug */ = {
			isa = XCBuildConfiguration;
			buildSettings = {
				ALWAYS_SEARCH_USER_PATHS = NO;
				CLANG_ANALYZER_NONNULL = YES;
				CLANG_ANALYZER_NUMBER_OBJECT_CONVERSION = YES_AGGRESSIVE;
				CLANG_CXX_LANGUAGE_STANDARD = "gnu++14";
				CLANG_CXX_LIBRARY = "libc++";
				CLANG_ENABLE_MODULES = YES;
				CLANG_ENABLE_OBJC_ARC = YES;
				CLANG_ENABLE_OBJC_WEAK = YES;
				CLANG_WARN_BLOCK_CAPTURE_AUTORELEASING = YES;
				CLANG_WARN_BOOL_CONVERSION = YES;
				CLANG_WARN_COMMA = YES;
				CLANG_WARN_CONSTANT_CONVERSION = YES;
				CLANG_WARN_DEPRECATED_OBJC_IMPLEMENTATIONS = YES;
				CLANG_WARN_DIRECT_OBJC_ISA_USAGE = YES_ERROR;
				CLANG_WARN_DOCUMENTATION_COMMENTS = YES;
				CLANG_WARN_EMPTY_BODY = YES;
				CLANG_WARN_ENUM_CONVERSION = YES;
				CLANG_WARN_INFINITE_RECURSION = YES;
				CLANG_WARN_INT_CONVERSION = YES;
				CLANG_WARN_NON_LITERAL_NULL_CONVERSION = YES;
				CLANG_WARN_OBJC_IMPLICIT_RETAIN_SELF = YES;
				CLANG_WARN_OBJC_LITERAL_CONVERSION = YES;
				CLANG_WARN_OBJC_ROOT_CLASS = YES_ERROR;
				CLANG_WARN_RANGE_LOOP_ANALYSIS = YES;
				CLANG_WARN_STRICT_PROTOTYPES = YES;
				CLANG_WARN_SUSPICIOUS_MOVE = YES;
				CLANG_WARN_UNGUARDED_AVAILABILITY = YES_AGGRESSIVE;
				CLANG_WARN_UNREACHABLE_CODE = YES;
				CLANG_WARN__DUPLICATE_METHOD_MATCH = YES;
				CODE_SIGN_IDENTITY = "iPhone Developer";
				COPY_PHASE_STRIP = NO;
				DEBUG_INFORMATION_FORMAT = dwarf;
				ENABLE_STRICT_OBJC_MSGSEND = YES;
				ENABLE_TESTABILITY = YES;
				GCC_C_LANGUAGE_STANDARD = gnu11;
				GCC_DYNAMIC_NO_PIC = NO;
				GCC_NO_COMMON_BLOCKS = YES;
				GCC_OPTIMIZATION_LEVEL = 0;
				GCC_PREPROCESSOR_DEFINITIONS = (
					"DEBUG=1",
					"$(inherited)",
				);
				GCC_WARN_64_TO_32_BIT_CONVERSION = YES;
				GCC_WARN_ABOUT_RETURN_TYPE = YES_ERROR;
				GCC_WARN_UNDECLARED_SELECTOR = YES;
				GCC_WARN_UNINITIALIZED_AUTOS = YES_AGGRESSIVE;
				GCC_WARN_UNUSED_FUNCTION = YES;
				GCC_WARN_UNUSED_VARIABLE = YES;
				IPHONEOS_DEPLOYMENT_TARGET = 12.1;
				MTL_ENABLE_DEBUG_INFO = INCLUDE_SOURCE;
				MTL_FAST_MATH = YES;
				ONLY_ACTIVE_ARCH = YES;
				SDKROOT = iphoneos;
			};
			name = Debug;
		};
		9B78C6C32222C2DE007A02C1 /* Release */ = {
			isa = XCBuildConfiguration;
			buildSettings = {
				ALWAYS_SEARCH_USER_PATHS = NO;
				CLANG_ANALYZER_NONNULL = YES;
				CLANG_ANALYZER_NUMBER_OBJECT_CONVERSION = YES_AGGRESSIVE;
				CLANG_CXX_LANGUAGE_STANDARD = "gnu++14";
				CLANG_CXX_LIBRARY = "libc++";
				CLANG_ENABLE_MODULES = YES;
				CLANG_ENABLE_OBJC_ARC = YES;
				CLANG_ENABLE_OBJC_WEAK = YES;
				CLANG_WARN_BLOCK_CAPTURE_AUTORELEASING = YES;
				CLANG_WARN_BOOL_CONVERSION = YES;
				CLANG_WARN_COMMA = YES;
				CLANG_WARN_CONSTANT_CONVERSION = YES;
				CLANG_WARN_DEPRECATED_OBJC_IMPLEMENTATIONS = YES;
				CLANG_WARN_DIRECT_OBJC_ISA_USAGE = YES_ERROR;
				CLANG_WARN_DOCUMENTATION_COMMENTS = YES;
				CLANG_WARN_EMPTY_BODY = YES;
				CLANG_WARN_ENUM_CONVERSION = YES;
				CLANG_WARN_INFINITE_RECURSION = YES;
				CLANG_WARN_INT_CONVERSION = YES;
				CLANG_WARN_NON_LITERAL_NULL_CONVERSION = YES;
				CLANG_WARN_OBJC_IMPLICIT_RETAIN_SELF = YES;
				CLANG_WARN_OBJC_LITERAL_CONVERSION = YES;
				CLANG_WARN_OBJC_ROOT_CLASS = YES_ERROR;
				CLANG_WARN_RANGE_LOOP_ANALYSIS = YES;
				CLANG_WARN_STRICT_PROTOTYPES = YES;
				CLANG_WARN_SUSPICIOUS_MOVE = YES;
				CLANG_WARN_UNGUARDED_AVAILABILITY = YES_AGGRESSIVE;
				CLANG_WARN_UNREACHABLE_CODE = YES;
				CLANG_WARN__DUPLICATE_METHOD_MATCH = YES;
				CODE_SIGN_IDENTITY = "iPhone Developer";
				COPY_PHASE_STRIP = NO;
				DEBUG_INFORMATION_FORMAT = "dwarf-with-dsym";
				ENABLE_NS_ASSERTIONS = NO;
				ENABLE_STRICT_OBJC_MSGSEND = YES;
				GCC_C_LANGUAGE_STANDARD = gnu11;
				GCC_NO_COMMON_BLOCKS = YES;
				GCC_WARN_64_TO_32_BIT_CONVERSION = YES;
				GCC_WARN_ABOUT_RETURN_TYPE = YES_ERROR;
				GCC_WARN_UNDECLARED_SELECTOR = YES;
				GCC_WARN_UNINITIALIZED_AUTOS = YES_AGGRESSIVE;
				GCC_WARN_UNUSED_FUNCTION = YES;
				GCC_WARN_UNUSED_VARIABLE = YES;
				IPHONEOS_DEPLOYMENT_TARGET = 12.1;
				MTL_ENABLE_DEBUG_INFO = NO;
				MTL_FAST_MATH = YES;
				SDKROOT = iphoneos;
				VALIDATE_PRODUCT = YES;
			};
			name = Release;
		};
		9B78C6C52222C2DE007A02C1 /* Debug */ = {
			isa = XCBuildConfiguration;
			baseConfigurationReference = EF2A5DB05F0855FC9A132A49 /* Pods-BTCoreExample.debug.xcconfig */;
			buildSettings = {
				ASSETCATALOG_COMPILER_APPICON_NAME = AppIcon;
				CODE_SIGN_STYLE = Automatic;
				DEVELOPMENT_TEAM = 43846DSFBT;
				INFOPLIST_FILE = BTCoreExample/Info.plist;
				IPHONEOS_DEPLOYMENT_TARGET = 10.0;
				LD_RUNPATH_SEARCH_PATHS = (
					"$(inherited)",
					"@executable_path/Frameworks",
				);
				PRODUCT_BUNDLE_IDENTIFIER = com.stone.BTCoreExample;
				PRODUCT_NAME = "$(TARGET_NAME)";
				TARGETED_DEVICE_FAMILY = "1,2";
			};
			name = Debug;
		};
		9B78C6C62222C2DE007A02C1 /* Release */ = {
			isa = XCBuildConfiguration;
			baseConfigurationReference = 6A614AA6110376E8AE8FEFAC /* Pods-BTCoreExample.release.xcconfig */;
			buildSettings = {
				ASSETCATALOG_COMPILER_APPICON_NAME = AppIcon;
				CODE_SIGN_STYLE = Automatic;
				DEVELOPMENT_TEAM = 43846DSFBT;
				INFOPLIST_FILE = BTCoreExample/Info.plist;
				IPHONEOS_DEPLOYMENT_TARGET = 10.0;
				LD_RUNPATH_SEARCH_PATHS = (
					"$(inherited)",
					"@executable_path/Frameworks",
				);
				PRODUCT_BUNDLE_IDENTIFIER = com.stone.BTCoreExample;
				PRODUCT_NAME = "$(TARGET_NAME)";
				TARGETED_DEVICE_FAMILY = "1,2";
			};
			name = Release;
		};
/* End XCBuildConfiguration section */

/* Begin XCConfigurationList section */
		9B78C6A92222C2DD007A02C1 /* Build configuration list for PBXProject "BTCoreExample" */ = {
			isa = XCConfigurationList;
			buildConfigurations = (
				9B78C6C22222C2DE007A02C1 /* Debug */,
				9B78C6C32222C2DE007A02C1 /* Release */,
			);
			defaultConfigurationIsVisible = 0;
			defaultConfigurationName = Release;
		};
		9B78C6C42222C2DE007A02C1 /* Build configuration list for PBXNativeTarget "BTCoreExample" */ = {
			isa = XCConfigurationList;
			buildConfigurations = (
				9B78C6C52222C2DE007A02C1 /* Debug */,
				9B78C6C62222C2DE007A02C1 /* Release */,
			);
			defaultConfigurationIsVisible = 0;
			defaultConfigurationName = Release;
		};
/* End XCConfigurationList section */
	};
	rootObject = 9B78C6A62222C2DD007A02C1 /* Project object */;
}
